
Microsoft Visual Studio Solution File, Format Version 12.00
# Visual Studio Version 16
VisualStudioVersion = 16.0.31727.386
MinimumVisualStudioVersion = 10.0.40219.1
Project("{8BC9CEB8-8B4A-11D0-8D11-00A0C91BC942}") = "Komiwojazer_SA_TS", "Komiwojazer_SA_TS\Komiwojazer_SA_TS.vcxproj", "{D88AA5AA-2767-4EE9-A574-7E10DA91FB52}"
EndProject
Global
	GlobalSection(SolutionConfigurationPlatforms) = preSolution
		Debug|x64 = Debug|x64
		Debug|x86 = Debug|x86
		Release|x64 = Release|x64
		Release|x86 = Release|x86
	EndGlobalSection
	GlobalSection(ProjectConfigurationPlatforms) = postSolution
		{D88AA5AA-2767-4EE9-A574-7E10DA91FB52}.Debug|x64.ActiveCfg = Debug|x64
		{D88AA5AA-2767-4EE9-A574-7E10DA91FB52}.Debug|x64.Build.0 = Debug|x64
		{D88AA5AA-2767-4EE9-A574-7E10DA91FB52}.Debug|x86.ActiveCfg = Debug|Win32
		{D88AA5AA-2767-4EE9-A574-7E10DA91FB52}.Debug|x86.Build.0 = Debug|Win32
		{D88AA5AA-2767-4EE9-A574-7E10DA91FB52}.Release|x64.ActiveCfg = Release|x64
		{D88AA5AA-2767-4EE9-A574-7E10DA91FB52}.Release|x64.Build.0 = Release|x64
		{D88AA5AA-2767-4EE9-A574-7E10DA91FB52}.Release|x86.ActiveCfg = Release|Win32
		{D88AA5AA-2767-4EE9-A574-7E10DA91FB52}.Release|x86.Build.0 = Release|Win32
	EndGlobalSection
	GlobalSection(SolutionProperties) = preSolution
		HideSolutionNode = FALSE
	EndGlobalSection
	GlobalSection(ExtensibilityGlobals) = postSolution
		SolutionGuid = {8691B20D-291F-4EDA-92D1-478761261BF7}
	EndGlobalSection
EndGlobal
